
Microsoft Visual Studio Solution File, Format Version 12.00
# Visual Studio Version 17
VisualStudioVersion = 17.10.35013.160
MinimumVisualStudioVersion = 10.0.40219.1
Project("{9A19103F-16F7-4668-BE54-9A1E7A4F7556}") = "QuanLyQuanBilliard", "QuanLyQuanBilliard\QuanLyQuanBilliard.csproj", "{CB6B2606-F622-4511-B4FD-869C9C259CE1}"
EndProject
Global
	GlobalSection(SolutionConfigurationPlatforms) = preSolution
		Debug|Any CPU = Debug|Any CPU
		Release|Any CPU = Release|Any CPU
	EndGlobalSection
	GlobalSection(ProjectConfigurationPlatforms) = postSolution
		{CB6B2606-F622-4511-B4FD-869C9C259CE1}.Debug|Any CPU.ActiveCfg = Debug|Any CPU
		{CB6B2606-F622-4511-B4FD-869C9C259CE1}.Debug|Any CPU.Build.0 = Debug|Any CPU
		{CB6B2606-F622-4511-B4FD-869C9C259CE1}.Release|Any CPU.ActiveCfg = Release|Any CPU
		{CB6B2606-F622-4511-B4FD-869C9C259CE1}.Release|Any CPU.Build.0 = Release|Any CPU
	EndGlobalSection
	GlobalSection(SolutionProperties) = preSolution
		HideSolutionNode = FALSE
	EndGlobalSection
	GlobalSection(ExtensibilityGlobals) = postSolution
		SolutionGuid = {370321B8-ADCC-449B-AC01-F8740D40529F}
	EndGlobalSection
EndGlobal
